// !$*UTF8*$!
{
	archiveVersion = 1;
	classes = {
	};
	objectVersion = 46;
	objects = {

/* Begin PBXBuildFile section */
		35D7BFF514396DDD000F82DD /* PXListViewCell.m in Sources */ = {isa = PBXBuildFile; fileRef = 35D7BFE114396DDC000F82DD /* PXListViewCell.m */; };
		35D7BFF614396DDD000F82DD /* MyListViewCell.m in Sources */ = {isa = PBXBuildFile; fileRef = 35D7BFE514396DDC000F82DD /* MyListViewCell.m */; };
		35D7BFF714396DDD000F82DD /* MyListViewCell.xib in Resources */ = {isa = PBXBuildFile; fileRef = 35D7BFE614396DDC000F82DD /* MyListViewCell.xib */; };
		35D7BFF814396DDD000F82DD /* PXListDocumentView.m in Sources */ = {isa = PBXBuildFile; fileRef = 35D7BFE914396DDC000F82DD /* PXListDocumentView.m */; };
		35D7BFF914396DDD000F82DD /* MMDrawingUtils.m in Sources */ = {isa = PBXBuildFile; fileRef = 35D7BFEC14396DDC000F82DD /* MMDrawingUtils.m */; };
		35D7BFFA14396DDD000F82DD /* MMScroller.m in Sources */ = {isa = PBXBuildFile; fileRef = 35D7BFEE14396DDC000F82DD /* MMScroller.m */; };
		35D7BFFB14396DDD000F82DD /* PXListView+UserInteraction.m in Sources */ = {isa = PBXBuildFile; fileRef = 35D7BFF114396DDC000F82DD /* PXListView+UserInteraction.m */; };
		35D7BFFC14396DDD000F82DD /* PXListView.m in Sources */ = {isa = PBXBuildFile; fileRef = 35D7BFF314396DDC000F82DD /* PXListView.m */; };
		35D7BFFF14396E3F000F82DD /* MyView.m in Sources */ = {isa = PBXBuildFile; fileRef = 35D7BFFE14396E3F000F82DD /* MyView.m */; };
		8D11072D0486CEB800E47090 /* main.m in Sources */ = {isa = PBXBuildFile; fileRef = 29B97316FDCFA39411CA2CEA /* main.m */; settings = {ATTRIBUTES = (); }; };
		8D11072F0486CEB800E47090 /* Cocoa.framework in Frameworks */ = {isa = PBXBuildFile; fileRef = 1058C7A1FEA54F0111CA2CBB /* Cocoa.framework */; };
		D26669CB11B1B2F1007597F1 /* AppDelegate.m in Sources */ = {isa = PBXBuildFile; fileRef = D26669CA11B1B2F1007597F1 /* AppDelegate.m */; };
		D26669D211B1B302007597F1 /* InfoPlist.strings in Resources */ = {isa = PBXBuildFile; fileRef = D26669CE11B1B302007597F1 /* InfoPlist.strings */; };
		D26669D311B1B302007597F1 /* MainMenu.xib in Resources */ = {isa = PBXBuildFile; fileRef = D26669D011B1B302007597F1 /* MainMenu.xib */; };
/* End PBXBuildFile section */

/* Begin PBXFileReference section */
		1058C7A1FEA54F0111CA2CBB /* Cocoa.framework */ = {isa = PBXFileReference; lastKnownFileType = wrapper.framework; name = Cocoa.framework; path = /System/Library/Frameworks/Cocoa.framework; sourceTree = "<absolute>"; };
		13E42FB307B3F0F600E4EEF1 /* CoreData.framework */ = {isa = PBXFileReference; lastKnownFileType = wrapper.framework; name = CoreData.framework; path = /System/Library/Frameworks/CoreData.framework; sourceTree = "<absolute>"; };
		256AC3F00F4B6AF500CF3369 /* PXListView_Prefix.pch */ = {isa = PBXFileReference; fileEncoding = 4; lastKnownFileType = sourcecode.c.h; path = PXListView_Prefix.pch; sourceTree = "<group>"; };
		29B97316FDCFA39411CA2CEA /* main.m */ = {isa = PBXFileReference; fileEncoding = 4; lastKnownFileType = sourcecode.c.objc; path = main.m; sourceTree = "<group>"; };
		29B97324FDCFA39411CA2CEA /* AppKit.framework */ = {isa = PBXFileReference; lastKnownFileType = wrapper.framework; name = AppKit.framework; path = /System/Library/Frameworks/AppKit.framework; sourceTree = "<absolute>"; };
		29B97325FDCFA39411CA2CEA /* Foundation.framework */ = {isa = PBXFileReference; lastKnownFileType = wrapper.framework; name = Foundation.framework; path = /System/Library/Frameworks/Foundation.framework; sourceTree = "<absolute>"; };
		35D7BFDF14396DDC000F82DD /* PXListViewCell+Private.h */ = {isa = PBXFileReference; fileEncoding = 4; lastKnownFileType = sourcecode.c.h; path = "PXListViewCell+Private.h"; sourceTree = "<group>"; };
		35D7BFE014396DDC000F82DD /* PXListViewCell.h */ = {isa = PBXFileReference; fileEncoding = 4; lastKnownFileType = sourcecode.c.h; path = PXListViewCell.h; sourceTree = "<group>"; };
		35D7BFE114396DDC000F82DD /* PXListViewCell.m */ = {isa = PBXFileReference; fileEncoding = 4; lastKnownFileType = sourcecode.c.objc; path = PXListViewCell.m; sourceTree = "<group>"; };
		35D7BFE214396DDC000F82DD /* PXListViewDropHighlight.h */ = {isa = PBXFileReference; fileEncoding = 4; lastKnownFileType = sourcecode.c.h; path = PXListViewDropHighlight.h; sourceTree = "<group>"; };
		35D7BFE414396DDC000F82DD /* MyListViewCell.h */ = {isa = PBXFileReference; fileEncoding = 4; lastKnownFileType = sourcecode.c.h; path = MyListViewCell.h; sourceTree = "<group>"; };
		35D7BFE514396DDC000F82DD /* MyListViewCell.m */ = {isa = PBXFileReference; fileEncoding = 4; lastKnownFileType = sourcecode.c.objc; path = MyListViewCell.m; sourceTree = "<group>"; };
		35D7BFE614396DDC000F82DD /* MyListViewCell.xib */ = {isa = PBXFileReference; fileEncoding = 4; lastKnownFileType = file.xib; path = MyListViewCell.xib; sourceTree = "<group>"; };
		35D7BFE814396DDC000F82DD /* PXListDocumentView.h */ = {isa = PBXFileReference; fileEncoding = 4; lastKnownFileType = sourcecode.c.h; path = PXListDocumentView.h; sourceTree = "<group>"; };
		35D7BFE914396DDC000F82DD /* PXListDocumentView.m */ = {isa = PBXFileReference; fileEncoding = 4; lastKnownFileType = sourcecode.c.objc; path = PXListDocumentView.m; sourceTree = "<group>"; };
		35D7BFEB14396DDC000F82DD /* MMDrawingUtils.h */ = {isa = PBXFileReference; fileEncoding = 4; lastKnownFileType = sourcecode.c.h; path = MMDrawingUtils.h; sourceTree = "<group>"; };
		35D7BFEC14396DDC000F82DD /* MMDrawingUtils.m */ = {isa = PBXFileReference; fileEncoding = 4; lastKnownFileType = sourcecode.c.objc; path = MMDrawingUtils.m; sourceTree = "<group>"; };
		35D7BFED14396DDC000F82DD /* MMScroller.h */ = {isa = PBXFileReference; fileEncoding = 4; lastKnownFileType = sourcecode.c.h; path = MMScroller.h; sourceTree = "<group>"; };
		35D7BFEE14396DDC000F82DD /* MMScroller.m */ = {isa = PBXFileReference; fileEncoding = 4; lastKnownFileType = sourcecode.c.objc; path = MMScroller.m; sourceTree = "<group>"; };
		35D7BFEF14396DDC000F82DD /* PXListView+Private.h */ = {isa = PBXFileReference; fileEncoding = 4; lastKnownFileType = sourcecode.c.h; path = "PXListView+Private.h"; sourceTree = "<group>"; };
		35D7BFF014396DDC000F82DD /* PXListView+UserInteraction.h */ = {isa = PBXFileReference; fileEncoding = 4; lastKnownFileType = sourcecode.c.h; path = "PXListView+UserInteraction.h"; sourceTree = "<group>"; };
		35D7BFF114396DDC000F82DD /* PXListView+UserInteraction.m */ = {isa = PBXFileReference; fileEncoding = 4; lastKnownFileType = sourcecode.c.objc; path = "PXListView+UserInteraction.m"; sourceTree = "<group>"; };
		35D7BFF214396DDC000F82DD /* PXListView.h */ = {isa = PBXFileReference; fileEncoding = 4; lastKnownFileType = sourcecode.c.h; path = PXListView.h; sourceTree = "<group>"; };
		35D7BFF314396DDC000F82DD /* PXListView.m */ = {isa = PBXFileReference; fileEncoding = 4; lastKnownFileType = sourcecode.c.objc; path = PXListView.m; sourceTree = "<group>"; };
		35D7BFF414396DDC000F82DD /* PXListViewDelegate.h */ = {isa = PBXFileReference; fileEncoding = 4; lastKnownFileType = sourcecode.c.h; path = PXListViewDelegate.h; sourceTree = "<group>"; };
		35D7BFFD14396E3F000F82DD /* MyView.h */ = {isa = PBXFileReference; fileEncoding = 4; lastKnownFileType = sourcecode.c.h; name = MyView.h; path = Classes/MyView.h; sourceTree = "<group>"; };
		35D7BFFE14396E3F000F82DD /* MyView.m */ = {isa = PBXFileReference; fileEncoding = 4; lastKnownFileType = sourcecode.c.objc; name = MyView.m; path = Classes/MyView.m; sourceTree = "<group>"; };
		35D7C00014396F9C000F82DD /* PXListViewConstants.h */ = {isa = PBXFileReference; fileEncoding = 4; lastKnownFileType = sourcecode.c.h; path = PXListViewConstants.h; sourceTree = "<group>"; };
		8D1107320486CEB800E47090 /* PXListView.app */ = {isa = PBXFileReference; explicitFileType = wrapper.application; includeInIndex = 0; path = PXListView.app; sourceTree = BUILT_PRODUCTS_DIR; };
		D26669C911B1B2F1007597F1 /* AppDelegate.h */ = {isa = PBXFileReference; fileEncoding = 4; lastKnownFileType = sourcecode.c.h; name = AppDelegate.h; path = Classes/AppDelegate.h; sourceTree = "<group>"; };
		D26669CA11B1B2F1007597F1 /* AppDelegate.m */ = {isa = PBXFileReference; fileEncoding = 4; lastKnownFileType = sourcecode.c.objc; name = AppDelegate.m; path = Classes/AppDelegate.m; sourceTree = "<group>"; };
		D26669CC11B1B2F8007597F1 /* PXListView-Info.plist */ = {isa = PBXFileReference; fileEncoding = 4; lastKnownFileType = text.plist.xml; name = "PXListView-Info.plist"; path = "Resources/PXListView-Info.plist"; sourceTree = "<group>"; };
		D26669CF11B1B302007597F1 /* English */ = {isa = PBXFileReference; fileEncoding = 4; lastKnownFileType = text.plist.strings; name = English; path = Resources/English.lproj/InfoPlist.strings; sourceTree = "<group>"; };
		D26669D111B1B302007597F1 /* English */ = {isa = PBXFileReference; lastKnownFileType = file.xib; name = English; path = Resources/English.lproj/MainMenu.xib; sourceTree = "<group>"; };
		D279A65E11B4EB1200771B2A /* README.markdown */ = {isa = PBXFileReference; fileEncoding = 4; lastKnownFileType = text; path = README.markdown; sourceTree = "<group>"; wrapsLines = 1; };
/* End PBXFileReference section */

/* Begin PBXFrameworksBuildPhase section */
		8D11072E0486CEB800E47090 /* Frameworks */ = {
			isa = PBXFrameworksBuildPhase;
			buildActionMask = 2147483647;
			files = (
				8D11072F0486CEB800E47090 /* Cocoa.framework in Frameworks */,
			);
			runOnlyForDeploymentPostprocessing = 0;
		};
/* End PBXFrameworksBuildPhase section */

/* Begin PBXGroup section */
		1058C7A0FEA54F0111CA2CBB /* Linked Frameworks */ = {
			isa = PBXGroup;
			children = (
				1058C7A1FEA54F0111CA2CBB /* Cocoa.framework */,
			);
			name = "Linked Frameworks";
			sourceTree = "<group>";
		};
		1058C7A2FEA54F0111CA2CBB /* Other Frameworks */ = {
			isa = PBXGroup;
			children = (
				29B97324FDCFA39411CA2CEA /* AppKit.framework */,
				13E42FB307B3F0F600E4EEF1 /* CoreData.framework */,
				29B97325FDCFA39411CA2CEA /* Foundation.framework */,
			);
			name = "Other Frameworks";
			sourceTree = "<group>";
		};
		19C28FACFE9D520D11CA2CBB /* Products */ = {
			isa = PBXGroup;
			children = (
				8D1107320486CEB800E47090 /* PXListView.app */,
			);
			name = Products;
			sourceTree = "<group>";
		};
		29B97314FDCFA39411CA2CEA /* PXListView */ = {
			isa = PBXGroup;
			children = (
				D279A65E11B4EB1200771B2A /* README.markdown */,
				35D7BFDD14396DDC000F82DD /* PXListView */,
				D25DDA7B133F569B0086783B /* Demo App */,
				29B97323FDCFA39411CA2CEA /* Frameworks */,
				19C28FACFE9D520D11CA2CBB /* Products */,
			);
			name = PXListView;
			sourceTree = "<group>";
		};
		29B97315FDCFA39411CA2CEA /* Supporting Files */ = {
			isa = PBXGroup;
			children = (
				256AC3F00F4B6AF500CF3369 /* PXListView_Prefix.pch */,
				29B97316FDCFA39411CA2CEA /* main.m */,
				D26669CC11B1B2F8007597F1 /* PXListView-Info.plist */,
				D26669CE11B1B302007597F1 /* InfoPlist.strings */,
			);
			name = "Supporting Files";
			sourceTree = "<group>";
		};
		29B97323FDCFA39411CA2CEA /* Frameworks */ = {
			isa = PBXGroup;
			children = (
				1058C7A0FEA54F0111CA2CBB /* Linked Frameworks */,
				1058C7A2FEA54F0111CA2CBB /* Other Frameworks */,
			);
			name = Frameworks;
			sourceTree = "<group>";
		};
		35D7BFDD14396DDC000F82DD /* PXListView */ = {
			isa = PBXGroup;
			children = (
				35D7BFDE14396DDC000F82DD /* Cells */,
				35D7BFE314396DDC000F82DD /* Custom Cell */,
				35D7BFE714396DDC000F82DD /* Misc */,
				35D7BFEA14396DDC000F82DD /* MMScroller */,
				35D7BFEF14396DDC000F82DD /* PXListView+Private.h */,
				35D7BFF014396DDC000F82DD /* PXListView+UserInteraction.h */,
				35D7BFF114396DDC000F82DD /* PXListView+UserInteraction.m */,
				35D7BFF214396DDC000F82DD /* PXListView.h */,
				35D7BFF314396DDC000F82DD /* PXListView.m */,
				35D7C00014396F9C000F82DD /* PXListViewConstants.h */,
				35D7BFF414396DDC000F82DD /* PXListViewDelegate.h */,
			);
			name = PXListView;
			path = Classes/PXListView;
			sourceTree = "<group>";
		};
		35D7BFDE14396DDC000F82DD /* Cells */ = {
			isa = PBXGroup;
			children = (
				35D7BFDF14396DDC000F82DD /* PXListViewCell+Private.h */,
				35D7BFE014396DDC000F82DD /* PXListViewCell.h */,
				35D7BFE114396DDC000F82DD /* PXListViewCell.m */,
				35D7BFE214396DDC000F82DD /* PXListViewDropHighlight.h */,
			);
			path = Cells;
			sourceTree = "<group>";
		};
		35D7BFE314396DDC000F82DD /* Custom Cell */ = {
			isa = PBXGroup;
			children = (
				35D7BFE414396DDC000F82DD /* MyListViewCell.h */,
				35D7BFE514396DDC000F82DD /* MyListViewCell.m */,
				35D7BFE614396DDC000F82DD /* MyListViewCell.xib */,
			);
			path = "Custom Cell";
			sourceTree = "<group>";
		};
		35D7BFE714396DDC000F82DD /* Misc */ = {
			isa = PBXGroup;
			children = (
				35D7BFE814396DDC000F82DD /* PXListDocumentView.h */,
				35D7BFE914396DDC000F82DD /* PXListDocumentView.m */,
			);
			path = Misc;
			sourceTree = "<group>";
		};
		35D7BFEA14396DDC000F82DD /* MMScroller */ = {
			isa = PBXGroup;
			children = (
				35D7BFEB14396DDC000F82DD /* MMDrawingUtils.h */,
				35D7BFEC14396DDC000F82DD /* MMDrawingUtils.m */,
				35D7BFED14396DDC000F82DD /* MMScroller.h */,
				35D7BFEE14396DDC000F82DD /* MMScroller.m */,
			);
			path = MMScroller;
			sourceTree = "<group>";
		};
		D25DDA7B133F569B0086783B /* Demo App */ = {
			isa = PBXGroup;
			children = (
				D26669C911B1B2F1007597F1 /* AppDelegate.h */,
				D26669CA11B1B2F1007597F1 /* AppDelegate.m */,
				35D7BFFD14396E3F000F82DD /* MyView.h */,
				35D7BFFE14396E3F000F82DD /* MyView.m */,
				D26669D011B1B302007597F1 /* MainMenu.xib */,
				29B97315FDCFA39411CA2CEA /* Supporting Files */,
			);
			name = "Demo App";
			sourceTree = "<group>";
		};
/* End PBXGroup section */

/* Begin PBXNativeTarget section */
		8D1107260486CEB800E47090 /* PXListView */ = {
			isa = PBXNativeTarget;
			buildConfigurationList = C01FCF4A08A954540054247B /* Build configuration list for PBXNativeTarget "PXListView" */;
			buildPhases = (
				8D1107290486CEB800E47090 /* Resources */,
				8D11072C0486CEB800E47090 /* Sources */,
				8D11072E0486CEB800E47090 /* Frameworks */,
			);
			buildRules = (
			);
			dependencies = (
			);
			name = PXListView;
			productInstallPath = "$(HOME)/Applications";
			productName = PXListView;
			productReference = 8D1107320486CEB800E47090 /* PXListView.app */;
			productType = "com.apple.product-type.application";
		};
/* End PBXNativeTarget section */

/* Begin PBXProject section */
		29B97313FDCFA39411CA2CEA /* Project object */ = {
			isa = PBXProject;
			attributes = {
				LastUpgradeCheck = 0410;
			};
			buildConfigurationList = C01FCF4E08A954540054247B /* Build configuration list for PBXProject "PXListView" */;
			compatibilityVersion = "Xcode 3.2";
			developmentRegion = English;
			hasScannedForEncodings = 1;
			knownRegions = (
				en,
			);
			mainGroup = 29B97314FDCFA39411CA2CEA /* PXListView */;
			projectDirPath = "";
			projectRoot = "";
			targets = (
				8D1107260486CEB800E47090 /* PXListView */,
			);
		};
/* End PBXProject section */

/* Begin PBXResourcesBuildPhase section */
		8D1107290486CEB800E47090 /* Resources */ = {
			isa = PBXResourcesBuildPhase;
			buildActionMask = 2147483647;
			files = (
				D26669D211B1B302007597F1 /* InfoPlist.strings in Resources */,
				D26669D311B1B302007597F1 /* MainMenu.xib in Resources */,
				35D7BFF714396DDD000F82DD /* MyListViewCell.xib in Resources */,
			);
			runOnlyForDeploymentPostprocessing = 0;
		};
/* End PBXResourcesBuildPhase section */

/* Begin PBXSourcesBuildPhase section */
		8D11072C0486CEB800E47090 /* Sources */ = {
			isa = PBXSourcesBuildPhase;
			buildActionMask = 2147483647;
			files = (
				8D11072D0486CEB800E47090 /* main.m in Sources */,
				D26669CB11B1B2F1007597F1 /* AppDelegate.m in Sources */,
				35D7BFF514396DDD000F82DD /* PXListViewCell.m in Sources */,
				35D7BFF614396DDD000F82DD /* MyListViewCell.m in Sources */,
				35D7BFF814396DDD000F82DD /* PXListDocumentView.m in Sources */,
				35D7BFF914396DDD000F82DD /* MMDrawingUtils.m in Sources */,
				35D7BFFA14396DDD000F82DD /* MMScroller.m in Sources */,
				35D7BFFB14396DDD000F82DD /* PXListView+UserInteraction.m in Sources */,
				35D7BFFC14396DDD000F82DD /* PXListView.m in Sources */,
				35D7BFFF14396E3F000F82DD /* MyView.m in Sources */,
			);
			runOnlyForDeploymentPostprocessing = 0;
		};
/* End PBXSourcesBuildPhase section */

/* Begin PBXVariantGroup section */
		D26669CE11B1B302007597F1 /* InfoPlist.strings */ = {
			isa = PBXVariantGroup;
			children = (
				D26669CF11B1B302007597F1 /* English */,
			);
			name = InfoPlist.strings;
			sourceTree = "<group>";
		};
		D26669D011B1B302007597F1 /* MainMenu.xib */ = {
			isa = PBXVariantGroup;
			children = (
				D26669D111B1B302007597F1 /* English */,
			);
			name = MainMenu.xib;
			sourceTree = "<group>";
		};
/* End PBXVariantGroup section */

/* Begin XCBuildConfiguration section */
		C01FCF4B08A954540054247B /* Debug */ = {
			isa = XCBuildConfiguration;
			buildSettings = {
				ALWAYS_SEARCH_USER_PATHS = NO;
				COPY_PHASE_STRIP = NO;
				GCC_DYNAMIC_NO_PIC = NO;
				GCC_MODEL_TUNING = G5;
				GCC_OPTIMIZATION_LEVEL = 0;
				GCC_PRECOMPILE_PREFIX_HEADER = YES;
				GCC_PREFIX_HEADER = PXListView_Prefix.pch;
				GCC_PREPROCESSOR_DEFINITIONS = "DEBUG=1";
				GCC_WARN_64_TO_32_BIT_CONVERSION = YES;
				GCC_WARN_ABOUT_GLOBAL_CONSTRUCTORS = YES;
				GCC_WARN_ABOUT_MISSING_FIELD_INITIALIZERS = YES;
				GCC_WARN_ABOUT_MISSING_NEWLINE = YES;
				GCC_WARN_ABOUT_MISSING_PROTOTYPES = YES;
				GCC_WARN_CHECK_SWITCH_STATEMENTS = YES;
				GCC_WARN_INITIALIZER_NOT_FULLY_BRACKETED = YES;
				GCC_WARN_MISSING_PARENTHESES = YES;
				GCC_WARN_NON_VIRTUAL_DESTRUCTOR = YES;
				GCC_WARN_PEDANTIC = NO;
				GCC_WARN_SHADOW = YES;
				GCC_WARN_SIGN_COMPARE = YES;
				GCC_WARN_UNDECLARED_SELECTOR = YES;
				GCC_WARN_UNUSED_FUNCTION = YES;
				GCC_WARN_UNUSED_LABEL = YES;
				GCC_WARN_UNUSED_PARAMETER = NO;
				GCC_WARN_UNUSED_VALUE = YES;
				INFOPLIST_FILE = "Resources/PXListView-Info.plist";
				INSTALL_PATH = "$(HOME)/Applications";
				PRODUCT_NAME = PXListView;
			};
			name = Debug;
		};
		C01FCF4C08A954540054247B /* Release */ = {
			isa = XCBuildConfiguration;
			buildSettings = {
				ALWAYS_SEARCH_USER_PATHS = NO;
				COPY_PHASE_STRIP = NO;
				DEBUG_INFORMATION_FORMAT = "dwarf-with-dsym";
				GCC_MODEL_TUNING = G5;
				GCC_PRECOMPILE_PREFIX_HEADER = YES;
				GCC_PREFIX_HEADER = PXListView_Prefix.pch;
				GCC_WARN_64_TO_32_BIT_CONVERSION = YES;
				GCC_WARN_ABOUT_GLOBAL_CONSTRUCTORS = YES;
				GCC_WARN_ABOUT_MISSING_FIELD_INITIALIZERS = YES;
				GCC_WARN_ABOUT_MISSING_NEWLINE = YES;
				GCC_WARN_ABOUT_MISSING_PROTOTYPES = YES;
				GCC_WARN_CHECK_SWITCH_STATEMENTS = YES;
				GCC_WARN_INITIALIZER_NOT_FULLY_BRACKETED = YES;
				GCC_WARN_MISSING_PARENTHESES = YES;
				GCC_WARN_NON_VIRTUAL_DESTRUCTOR = YES;
				GCC_WARN_PEDANTIC = NO;
				GCC_WARN_SHADOW = YES;
				GCC_WARN_SIGN_COMPARE = YES;
				GCC_WARN_UNDECLARED_SELECTOR = YES;
				GCC_WARN_UNUSED_FUNCTION = YES;
				GCC_WARN_UNUSED_LABEL = YES;
				GCC_WARN_UNUSED_PARAMETER = NO;
				GCC_WARN_UNUSED_VALUE = YES;
				INFOPLIST_FILE = "Resources/PXListView-Info.plist";
				INSTALL_PATH = "$(HOME)/Applications";
				PRODUCT_NAME = PXListView;
			};
			name = Release;
		};
		C01FCF4F08A954540054247B /* Debug */ = {
			isa = XCBuildConfiguration;
			buildSettings = {
				ARCHS = "$(ARCHS_STANDARD_32_64_BIT)";
				GCC_C_LANGUAGE_STANDARD = gnu99;
				GCC_OPTIMIZATION_LEVEL = 0;
				GCC_WARN_ABOUT_RETURN_TYPE = YES;
				GCC_WARN_UNUSED_VARIABLE = YES;
				ONLY_ACTIVE_ARCH = YES;
				SDKROOT = macosx;
			};
			name = Debug;
		};
		C01FCF5008A954540054247B /* Release */ = {
			isa = XCBuildConfiguration;
			buildSettings = {
				ARCHS = "$(ARCHS_STANDARD_32_64_BIT)";
				GCC_C_LANGUAGE_STANDARD = gnu99;
				GCC_WARN_ABOUT_RETURN_TYPE = YES;
				GCC_WARN_UNUSED_VARIABLE = YES;
				SDKROOT = macosx;
			};
			name = Release;
		};
/* End XCBuildConfiguration section */

/* Begin XCConfigurationList section */
		C01FCF4A08A954540054247B /* Build configuration list for PBXNativeTarget "PXListView" */ = {
			isa = XCConfigurationList;
			buildConfigurations = (
				C01FCF4B08A954540054247B /* Debug */,
				C01FCF4C08A954540054247B /* Release */,
			);
			defaultConfigurationIsVisible = 0;
			defaultConfigurationName = Release;
		};
		C01FCF4E08A954540054247B /* Build configuration list for PBXProject "PXListView" */ = {
			isa = XCConfigurationList;
			buildConfigurations = (
				C01FCF4F08A954540054247B /* Debug */,
				C01FCF5008A954540054247B /* Release */,
			);
			defaultConfigurationIsVisible = 0;
			defaultConfigurationName = Release;
		};
/* End XCConfigurationList section */
	};
	rootObject = 29B97313FDCFA39411CA2CEA /* Project object */;
}
